
Microsoft Visual Studio Solution File, Format Version 12.00
# Visual Studio 2013
VisualStudioVersion = 12.0.40629.0
MinimumVisualStudioVersion = 10.0.40219.1
Project("{FAE04EC0-301F-11D3-BF4B-00C04F79EFBC}") = "PizzaOrderingWebApp", "PizzaOrderingWebApp\PizzaOrderingWebApp.csproj", "{470A1809-8E99-4574-9B4C-4F553923C7DC}"
EndProject
Project("{FAE04EC0-301F-11D3-BF4B-00C04F79EFBC}") = "PizzaOrderingWebApp.Tests", "PizzaOrderingWebApp.Tests\PizzaOrderingWebApp.Tests.csproj", "{B91F7A43-00DD-443C-B694-AB71A1D57061}"
EndProject
Global
	GlobalSection(SolutionConfigurationPlatforms) = preSolution
		Debug|Any CPU = Debug|Any CPU
		Release|Any CPU = Release|Any CPU
	EndGlobalSection
	GlobalSection(ProjectConfigurationPlatforms) = postSolution
		{470A1809-8E99-4574-9B4C-4F553923C7DC}.Debug|Any CPU.ActiveCfg = Debug|Any CPU
		{470A1809-8E99-4574-9B4C-4F553923C7DC}.Debug|Any CPU.Build.0 = Debug|Any CPU
		{470A1809-8E99-4574-9B4C-4F553923C7DC}.Release|Any CPU.ActiveCfg = Release|Any CPU
		{470A1809-8E99-4574-9B4C-4F553923C7DC}.Release|Any CPU.Build.0 = Release|Any CPU
		{B91F7A43-00DD-443C-B694-AB71A1D57061}.Debug|Any CPU.ActiveCfg = Debug|Any CPU
		{B91F7A43-00DD-443C-B694-AB71A1D57061}.Debug|Any CPU.Build.0 = Debug|Any CPU
		{B91F7A43-00DD-443C-B694-AB71A1D57061}.Release|Any CPU.ActiveCfg = Release|Any CPU
		{B91F7A43-00DD-443C-B694-AB71A1D57061}.Release|Any CPU.Build.0 = Release|Any CPU
	EndGlobalSection
	GlobalSection(SolutionProperties) = preSolution
		HideSolutionNode = FALSE
	EndGlobalSection
EndGlobal
